Microsoft Visual Studio Solution File, Format Version 11.00
# Visual Studio 2008

Project("{EA4A9D12-C166-8AE9-27BD-5B3F89483555}") = "TinyWitchRev5", "Assembly-CSharp-firstpass-vs.csproj", "{5F7768CF-FD58-E37F-92A7-64618E10D3C2}"
EndProject
Project("{EA4A9D12-C166-8AE9-27BD-5B3F89483555}") = "TinyWitchRev5", "Assembly-CSharp-vs.csproj", "{9C490F99-27B7-C006-C46D-CD9B1FCD7293}"
EndProject
Project("{EA4A9D12-C166-8AE9-27BD-5B3F89483555}") = "TinyWitchRev5", "Assembly-CSharp-Editor-vs.csproj", "{CB2350BC-EE1F-759C-E5EA-30601887CA54}"
EndProject
Global
	GlobalSection(SolutionConfigurationPlatforms) = preSolution
		Debug|Any CPU = Debug|Any CPU
		Release|Any CPU = Release|Any CPU
	EndGlobalSection
	GlobalSection(ProjectConfigurationPlatforms) = postSolution
		{5F7768CF-FD58-E37F-92A7-64618E10D3C2}.Debug|Any CPU.ActiveCfg = Debug|Any CPU
		{5F7768CF-FD58-E37F-92A7-64618E10D3C2}.Debug|Any CPU.Build.0 = Debug|Any CPU
		{5F7768CF-FD58-E37F-92A7-64618E10D3C2}.Release|Any CPU.ActiveCfg = Release|Any CPU
		{5F7768CF-FD58-E37F-92A7-64618E10D3C2}.Release|Any CPU.Build.0 = Release|Any CPU
		{9C490F99-27B7-C006-C46D-CD9B1FCD7293}.Debug|Any CPU.ActiveCfg = Debug|Any CPU
		{9C490F99-27B7-C006-C46D-CD9B1FCD7293}.Debug|Any CPU.Build.0 = Debug|Any CPU
		{9C490F99-27B7-C006-C46D-CD9B1FCD7293}.Release|Any CPU.ActiveCfg = Release|Any CPU
		{9C490F99-27B7-C006-C46D-CD9B1FCD7293}.Release|Any CPU.Build.0 = Release|Any CPU
		{CB2350BC-EE1F-759C-E5EA-30601887CA54}.Debug|Any CPU.ActiveCfg = Debug|Any CPU
		{CB2350BC-EE1F-759C-E5EA-30601887CA54}.Debug|Any CPU.Build.0 = Debug|Any CPU
		{CB2350BC-EE1F-759C-E5EA-30601887CA54}.Release|Any CPU.ActiveCfg = Release|Any CPU
		{CB2350BC-EE1F-759C-E5EA-30601887CA54}.Release|Any CPU.Build.0 = Release|Any CPU
	EndGlobalSection
	GlobalSection(SolutionProperties) = preSolution
		HideSolutionNode = FALSE
	EndGlobalSection
							GlobalSection(MonoDevelopProperties) = preSolution
		StartupItem = Assembly-CSharp.csproj
		Policies = $0
		$0.TextStylePolicy = $1
		$1.inheritsSet = null
		$1.scope = text/x-csharp
		$0.CSharpFormattingPolicy = $2
		$2.inheritsSet = Mono
		$2.inheritsScope = text/x-csharp
		$2.scope = text/x-csharp
		$0.TextStylePolicy = $3
		$3.FileWidth = 120
		$3.TabWidth = 4
		$3.IndentWidth = 4
		$3.EolMarker = Unix
		$3.inheritsSet = Mono
		$3.inheritsScope = text/plain
		$3.scope = text/plain
	EndGlobalSection

EndGlobal
